
Microsoft Visual Studio Solution File, Format Version 12.00
# Visual Studio Version 17
VisualStudioVersion = 17.4.33205.214
MinimumVisualStudioVersion = 10.0.40219.1
Project("{FAE04EC0-301F-11D3-BF4B-00C04F79EFBC}") = "TheApp", "TheApp\TheApp.csproj", "{FFFCF959-ACFB-4207-BC7E-CA2ADAE9D680}"
EndProject
Global
	GlobalSection(SolutionConfigurationPlatforms) = preSolution
		Debug|Any CPU = Debug|Any CPU
		Release|Any CPU = Release|Any CPU
	EndGlobalSection
	GlobalSection(ProjectConfigurationPlatforms) = postSolution
		{FFFCF959-ACFB-4207-BC7E-CA2ADAE9D680}.Debug|Any CPU.ActiveCfg = Debug|Any CPU
		{FFFCF959-ACFB-4207-BC7E-CA2ADAE9D680}.Debug|Any CPU.Build.0 = Debug|Any CPU
		{FFFCF959-ACFB-4207-BC7E-CA2ADAE9D680}.Release|Any CPU.ActiveCfg = Release|Any CPU
		{FFFCF959-ACFB-4207-BC7E-CA2ADAE9D680}.Release|Any CPU.Build.0 = Release|Any CPU
	EndGlobalSection
	GlobalSection(SolutionProperties) = preSolution
		HideSolutionNode = FALSE
	EndGlobalSection
	GlobalSection(ExtensibilityGlobals) = postSolution
		SolutionGuid = {A1409D2A-82DB-40BD-BC22-70B1BDD33BA0}
	EndGlobalSection
EndGlobal
